
Microsoft Visual Studio Solution File, Format Version 12.00
# Visual Studio Version 16
VisualStudioVersion = 16.0.30907.101
MinimumVisualStudioVersion = 10.0.40219.1
Project("{2150E333-8FDC-42A3-9474-1A3956D46DE8}") = "ref", "ref", "{AFC7F0F1-A6A1-49C3-888D-EA27BD8F8C15}"
EndProject
Project("{9A19103F-16F7-4668-BE54-9A1E7A4F7556}") = "Mifs", "..\..\src\core\Mifs\Mifs.csproj", "{9F18E1C8-8DC4-4E29-83E0-4F353034F4B8}"
EndProject
Project("{9A19103F-16F7-4668-BE54-9A1E7A4F7556}") = "Mifs.Http", "..\..\src\core\Mifs.Http\Mifs.Http.csproj", "{EBB90147-B3B3-4E13-A1DD-E0525DA5B8E5}"
EndProject
Project("{9A19103F-16F7-4668-BE54-9A1E7A4F7556}") = "Mifs.MEX", "..\..\src\mex\Mifs.MEX\Mifs.MEX.csproj", "{87AD180F-0E76-421C-8445-D70C1B6D66D9}"
EndProject
Project("{9A19103F-16F7-4668-BE54-9A1E7A4F7556}") = "Mifs.Xero", "..\..\src\xero\Mifs.Xero\Mifs.Xero.csproj", "{68AE2D39-2A90-4C64-A104-7FEA4F9AA1B8}"
EndProject
Project("{9A19103F-16F7-4668-BE54-9A1E7A4F7556}") = "XeroIntegration", "XeroIntegration\XeroIntegration.csproj", "{46AACA3B-FADB-4EA6-9028-C006F841644F}"
EndProject
Project("{9A19103F-16F7-4668-BE54-9A1E7A4F7556}") = "XeroIntegration.Bootstrap", "XeroIntegration.Bootstrap\XeroIntegration.Bootstrap.csproj", "{B167E76A-3C31-4225-BDF5-6E0E48781A89}"
EndProject
Project("{9A19103F-16F7-4668-BE54-9A1E7A4F7556}") = "Mifs.Bootstrap", "..\..\src\core\Mifs.Bootstrap\Mifs.Bootstrap.csproj", "{0982B9CE-B55B-45B4-B69E-1B6A64A51848}"
EndProject
Global
	GlobalSection(SolutionConfigurationPlatforms) = preSolution
		Debug|Any CPU = Debug|Any CPU
		Release|Any CPU = Release|Any CPU
	EndGlobalSection
	GlobalSection(ProjectConfigurationPlatforms) = postSolution
		{9F18E1C8-8DC4-4E29-83E0-4F353034F4B8}.Debug|Any CPU.ActiveCfg = Debug|Any CPU
		{9F18E1C8-8DC4-4E29-83E0-4F353034F4B8}.Debug|Any CPU.Build.0 = Debug|Any CPU
		{9F18E1C8-8DC4-4E29-83E0-4F353034F4B8}.Release|Any CPU.ActiveCfg = Release|Any CPU
		{9F18E1C8-8DC4-4E29-83E0-4F353034F4B8}.Release|Any CPU.Build.0 = Release|Any CPU
		{EBB90147-B3B3-4E13-A1DD-E0525DA5B8E5}.Debug|Any CPU.ActiveCfg = Debug|Any CPU
		{EBB90147-B3B3-4E13-A1DD-E0525DA5B8E5}.Debug|Any CPU.Build.0 = Debug|Any CPU
		{EBB90147-B3B3-4E13-A1DD-E0525DA5B8E5}.Release|Any CPU.ActiveCfg = Release|Any CPU
		{EBB90147-B3B3-4E13-A1DD-E0525DA5B8E5}.Release|Any CPU.Build.0 = Release|Any CPU
		{87AD180F-0E76-421C-8445-D70C1B6D66D9}.Debug|Any CPU.ActiveCfg = Debug|Any CPU
		{87AD180F-0E76-421C-8445-D70C1B6D66D9}.Debug|Any CPU.Build.0 = Debug|Any CPU
		{87AD180F-0E76-421C-8445-D70C1B6D66D9}.Release|Any CPU.ActiveCfg = Release|Any CPU
		{87AD180F-0E76-421C-8445-D70C1B6D66D9}.Release|Any CPU.Build.0 = Release|Any CPU
		{68AE2D39-2A90-4C64-A104-7FEA4F9AA1B8}.Debug|Any CPU.ActiveCfg = Debug|Any CPU
		{68AE2D39-2A90-4C64-A104-7FEA4F9AA1B8}.Debug|Any CPU.Build.0 = Debug|Any CPU
		{68AE2D39-2A90-4C64-A104-7FEA4F9AA1B8}.Release|Any CPU.ActiveCfg = Release|Any CPU
		{68AE2D39-2A90-4C64-A104-7FEA4F9AA1B8}.Release|Any CPU.Build.0 = Release|Any CPU
		{46AACA3B-FADB-4EA6-9028-C006F841644F}.Debug|Any CPU.ActiveCfg = Debug|Any CPU
		{46AACA3B-FADB-4EA6-9028-C006F841644F}.Debug|Any CPU.Build.0 = Debug|Any CPU
		{46AACA3B-FADB-4EA6-9028-C006F841644F}.Release|Any CPU.ActiveCfg = Release|Any CPU
		{46AACA3B-FADB-4EA6-9028-C006F841644F}.Release|Any CPU.Build.0 = Release|Any CPU
		{B167E76A-3C31-4225-BDF5-6E0E48781A89}.Debug|Any CPU.ActiveCfg = Debug|Any CPU
		{B167E76A-3C31-4225-BDF5-6E0E48781A89}.Debug|Any CPU.Build.0 = Debug|Any CPU
		{B167E76A-3C31-4225-BDF5-6E0E48781A89}.Release|Any CPU.ActiveCfg = Release|Any CPU
		{B167E76A-3C31-4225-BDF5-6E0E48781A89}.Release|Any CPU.Build.0 = Release|Any CPU
		{0982B9CE-B55B-45B4-B69E-1B6A64A51848}.Debug|Any CPU.ActiveCfg = Debug|Any CPU
		{0982B9CE-B55B-45B4-B69E-1B6A64A51848}.Debug|Any CPU.Build.0 = Debug|Any CPU
		{0982B9CE-B55B-45B4-B69E-1B6A64A51848}.Release|Any CPU.ActiveCfg = Release|Any CPU
		{0982B9CE-B55B-45B4-B69E-1B6A64A51848}.Release|Any CPU.Build.0 = Release|Any CPU
	EndGlobalSection
	GlobalSection(SolutionProperties) = preSolution
		HideSolutionNode = FALSE
	EndGlobalSection
	GlobalSection(NestedProjects) = preSolution
		{9F18E1C8-8DC4-4E29-83E0-4F353034F4B8} = {AFC7F0F1-A6A1-49C3-888D-EA27BD8F8C15}
		{EBB90147-B3B3-4E13-A1DD-E0525DA5B8E5} = {AFC7F0F1-A6A1-49C3-888D-EA27BD8F8C15}
		{87AD180F-0E76-421C-8445-D70C1B6D66D9} = {AFC7F0F1-A6A1-49C3-888D-EA27BD8F8C15}
		{68AE2D39-2A90-4C64-A104-7FEA4F9AA1B8} = {AFC7F0F1-A6A1-49C3-888D-EA27BD8F8C15}
		{0982B9CE-B55B-45B4-B69E-1B6A64A51848} = {AFC7F0F1-A6A1-49C3-888D-EA27BD8F8C15}
	EndGlobalSection
	GlobalSection(ExtensibilityGlobals) = postSolution
		SolutionGuid = {262D9FF9-738C-4AD8-8501-27D85FE3EB33}
	EndGlobalSection
EndGlobal
